// !$*UTF8*$!
{
	archiveVersion = 1;
	classes = {
	};
	objectVersion = 46;
	objects = {

/* Begin PBXBuildFile section */
		D2651D451E31944600C156E5 /* AppDelegate.swift in Sources */ = {isa = PBXBuildFile; fileRef = D2651D441E31944600C156E5 /* AppDelegate.swift */; };
		D2651D471E31944600C156E5 /* MainVC.swift in Sources */ = {isa = PBXBuildFile; fileRef = D2651D461E31944600C156E5 /* MainVC.swift */; };
		D2651D4A1E31944600C156E5 /* Main.storyboard in Resources */ = {isa = PBXBuildFile; fileRef = D2651D481E31944600C156E5 /* Main.storyboard */; };
		D2651D4D1E31944600C156E5 /* WishList.xcdatamodeld in Sources */ = {isa = PBXBuildFile; fileRef = D2651D4B1E31944600C156E5 /* WishList.xcdatamodeld */; };
		D2651D4F1E31944600C156E5 /* Assets.xcassets in Resources */ = {isa = PBXBuildFile; fileRef = D2651D4E1E31944600C156E5 /* Assets.xcassets */; };
		D2651D521E31944600C156E5 /* LaunchScreen.storyboard in Resources */ = {isa = PBXBuildFile; fileRef = D2651D501E31944600C156E5 /* LaunchScreen.storyboard */; };
		D2651D5D1E31944600C156E5 /* WishListTests.swift in Sources */ = {isa = PBXBuildFile; fileRef = D2651D5C1E31944600C156E5 /* WishListTests.swift */; };
		D2651D681E31944600C156E5 /* WishListUITests.swift in Sources */ = {isa = PBXBuildFile; fileRef = D2651D671E31944600C156E5 /* WishListUITests.swift */; };
		D2E80AE21E41BF4D00BC42DD /* ItemDetails.swift in Sources */ = {isa = PBXBuildFile; fileRef = D2E80AE11E41BF4D00BC42DD /* ItemDetails.swift */; };
		D2E80AEB1E41DDB000BC42DD /* Item+CoreDataClass.swift in Sources */ = {isa = PBXBuildFile; fileRef = D2E80AE31E41DDB000BC42DD /* Item+CoreDataClass.swift */; };
		D2E80AEC1E41DDB000BC42DD /* Item+CoreDataProperties.swift in Sources */ = {isa = PBXBuildFile; fileRef = D2E80AE41E41DDB000BC42DD /* Item+CoreDataProperties.swift */; };
		D2E80AED1E41DDB000BC42DD /* ItemType+CoreDataClass.swift in Sources */ = {isa = PBXBuildFile; fileRef = D2E80AE51E41DDB000BC42DD /* ItemType+CoreDataClass.swift */; };
		D2E80AEE1E41DDB000BC42DD /* ItemType+CoreDataProperties.swift in Sources */ = {isa = PBXBuildFile; fileRef = D2E80AE61E41DDB000BC42DD /* ItemType+CoreDataProperties.swift */; };
		D2E80AEF1E41DDB000BC42DD /* Store+CoreDataClass.swift in Sources */ = {isa = PBXBuildFile; fileRef = D2E80AE71E41DDB000BC42DD /* Store+CoreDataClass.swift */; };
		D2E80AF01E41DDB000BC42DD /* Store+CoreDataProperties.swift in Sources */ = {isa = PBXBuildFile; fileRef = D2E80AE81E41DDB000BC42DD /* Store+CoreDataProperties.swift */; };
		D2E80AF11E41DDB000BC42DD /* Image+CoreDataClass.swift in Sources */ = {isa = PBXBuildFile; fileRef = D2E80AE91E41DDB000BC42DD /* Image+CoreDataClass.swift */; };
		D2E80AF21E41DDB000BC42DD /* Image+CoreDataProperties.swift in Sources */ = {isa = PBXBuildFile; fileRef = D2E80AEA1E41DDB000BC42DD /* Image+CoreDataProperties.swift */; };
		D2F55C381E407D6C00A0EF91 /* MaterialView.swift in Sources */ = {isa = PBXBuildFile; fileRef = D2F55C371E407D6C00A0EF91 /* MaterialView.swift */; };
		D2F55C3A1E4080D800A0EF91 /* ItemCell.swift in Sources */ = {isa = PBXBuildFile; fileRef = D2F55C391E4080D800A0EF91 /* ItemCell.swift */; };
/* End PBXBuildFile section */

/* Begin PBXContainerItemProxy section */
		D2651D591E31944600C156E5 /* PBXContainerItemProxy */ = {
			isa = PBXContainerItemProxy;
			containerPortal = D2651D391E31944500C156E5 /* Project object */;
			proxyType = 1;
			remoteGlobalIDString = D2651D401E31944500C156E5;
			remoteInfo = WishList;
		};
		D2651D641E31944600C156E5 /* PBXContainerItemProxy */ = {
			isa = PBXContainerItemProxy;
			containerPortal = D2651D391E31944500C156E5 /* Project object */;
			proxyType = 1;
			remoteGlobalIDString = D2651D401E31944500C156E5;
			remoteInfo = WishList;
		};
/* End PBXContainerItemProxy section */

/* Begin PBXFileReference section */
		D2651D411E31944600C156E5 /* WishList.app */ = {isa = PBXFileReference; explicitFileType = wrapper.application; includeInIndex = 0; path = WishList.app; sourceTree = BUILT_PRODUCTS_DIR; };
		D2651D441E31944600C156E5 /* AppDelegate.swift */ = {isa = PBXFileReference; lastKnownFileType = sourcecode.swift; path = AppDelegate.swift; sourceTree = "<group>"; };
		D2651D461E31944600C156E5 /* MainVC.swift */ = {isa = PBXFileReference; lastKnownFileType = sourcecode.swift; path = MainVC.swift; sourceTree = "<group>"; };
		D2651D491E31944600C156E5 /* Base */ = {isa = PBXFileReference; lastKnownFileType = file.storyboard; name = Base; path = Base.lproj/Main.storyboard; sourceTree = "<group>"; };
		D2651D4C1E31944600C156E5 /* WishList.xcdatamodel */ = {isa = PBXFileReference; lastKnownFileType = wrapper.xcdatamodel; path = WishList.xcdatamodel; sourceTree = "<group>"; };
		D2651D4E1E31944600C156E5 /* Assets.xcassets */ = {isa = PBXFileReference; lastKnownFileType = folder.assetcatalog; path = Assets.xcassets; sourceTree = "<group>"; };
		D2651D511E31944600C156E5 /* Base */ = {isa = PBXFileReference; lastKnownFileType = file.storyboard; name = Base; path = Base.lproj/LaunchScreen.storyboard; sourceTree = "<group>"; };
		D2651D531E31944600C156E5 /* Info.plist */ = {isa = PBXFileReference; lastKnownFileType = text.plist.xml; path = Info.plist; sourceTree = "<group>"; };
		D2651D581E31944600C156E5 /* WishListTests.xctest */ = {isa = PBXFileReference; explicitFileType = wrapper.cfbundle; includeInIndex = 0; path = WishListTests.xctest; sourceTree = BUILT_PRODUCTS_DIR; };
		D2651D5C1E31944600C156E5 /* WishListTests.swift */ = {isa = PBXFileReference; lastKnownFileType = sourcecode.swift; path = WishListTests.swift; sourceTree = "<group>"; };
		D2651D5E1E31944600C156E5 /* Info.plist */ = {isa = PBXFileReference; lastKnownFileType = text.plist.xml; path = Info.plist; sourceTree = "<group>"; };
		D2651D631E31944600C156E5 /* WishListUITests.xctest */ = {isa = PBXFileReference; explicitFileType = wrapper.cfbundle; includeInIndex = 0; path = WishListUITests.xctest; sourceTree = BUILT_PRODUCTS_DIR; };
		D2651D671E31944600C156E5 /* WishListUITests.swift */ = {isa = PBXFileReference; lastKnownFileType = sourcecode.swift; path = WishListUITests.swift; sourceTree = "<group>"; };
		D2651D691E31944600C156E5 /* Info.plist */ = {isa = PBXFileReference; lastKnownFileType = text.plist.xml; path = Info.plist; sourceTree = "<group>"; };
		D2E80AE11E41BF4D00BC42DD /* ItemDetails.swift */ = {isa = PBXFileReference; fileEncoding = 4; lastKnownFileType = sourcecode.swift; path = ItemDetails.swift; sourceTree = "<group>"; };
		D2E80AE31E41DDB000BC42DD /* Item+CoreDataClass.swift */ = {isa = PBXFileReference; fileEncoding = 4; lastKnownFileType = sourcecode.swift; name = "Item+CoreDataClass.swift"; path = "../Item+CoreDataClass.swift"; sourceTree = "<group>"; };
		D2E80AE41E41DDB000BC42DD /* Item+CoreDataProperties.swift */ = {isa = PBXFileReference; fileEncoding = 4; lastKnownFileType = sourcecode.swift; name = "Item+CoreDataProperties.swift"; path = "../Item+CoreDataProperties.swift"; sourceTree = "<group>"; };
		D2E80AE51E41DDB000BC42DD /* ItemType+CoreDataClass.swift */ = {isa = PBXFileReference; fileEncoding = 4; lastKnownFileType = sourcecode.swift; name = "ItemType+CoreDataClass.swift"; path = "../ItemType+CoreDataClass.swift"; sourceTree = "<group>"; };
		D2E80AE61E41DDB000BC42DD /* ItemType+CoreDataProperties.swift */ = {isa = PBXFileReference; fileEncoding = 4; lastKnownFileType = sourcecode.swift; name = "ItemType+CoreDataProperties.swift"; path = "../ItemType+CoreDataProperties.swift"; sourceTree = "<group>"; };
		D2E80AE71E41DDB000BC42DD /* Store+CoreDataClass.swift */ = {isa = PBXFileReference; fileEncoding = 4; lastKnownFileType = sourcecode.swift; name = "Store+CoreDataClass.swift"; path = "../Store+CoreDataClass.swift"; sourceTree = "<group>"; };
		D2E80AE81E41DDB000BC42DD /* Store+CoreDataProperties.swift */ = {isa = PBXFileReference; fileEncoding = 4; lastKnownFileType = sourcecode.swift; name = "Store+CoreDataProperties.swift"; path = "../Store+CoreDataProperties.swift"; sourceTree = "<group>"; };
		D2E80AE91E41DDB000BC42DD /* Image+CoreDataClass.swift */ = {isa = PBXFileReference; fileEncoding = 4; lastKnownFileType = sourcecode.swift; name = "Image+CoreDataClass.swift"; path = "../Image+CoreDataClass.swift"; sourceTree = "<group>"; };
		D2E80AEA1E41DDB000BC42DD /* Image+CoreDataProperties.swift */ = {isa = PBXFileReference; fileEncoding = 4; lastKnownFileType = sourcecode.swift; name = "Image+CoreDataProperties.swift"; path = "../Image+CoreDataProperties.swift"; sourceTree = "<group>"; };
		D2F55C371E407D6C00A0EF91 /* MaterialView.swift */ = {isa = PBXFileReference; fileEncoding = 4; lastKnownFileType = sourcecode.swift; path = MaterialView.swift; sourceTree = "<group>"; };
		D2F55C391E4080D800A0EF91 /* ItemCell.swift */ = {isa = PBXFileReference; fileEncoding = 4; lastKnownFileType = sourcecode.swift; path = ItemCell.swift; sourceTree = "<group>"; };
/* End PBXFileReference section */

/* Begin PBXFrameworksBuildPhase section */
		D2651D3E1E31944500C156E5 /* Frameworks */ = {
			isa = PBXFrameworksBuildPhase;
			buildActionMask = 2147483647;
			files = (
			);
			runOnlyForDeploymentPostprocessing = 0;
		};
		D2651D551E31944600C156E5 /* Frameworks */ = {
			isa = PBXFrameworksBuildPhase;
			buildActionMask = 2147483647;
			files = (
			);
			runOnlyForDeploymentPostprocessing = 0;
		};
		D2651D601E31944600C156E5 /* Frameworks */ = {
			isa = PBXFrameworksBuildPhase;
			buildActionMask = 2147483647;
			files = (
			);
			runOnlyForDeploymentPostprocessing = 0;
		};
/* End PBXFrameworksBuildPhase section */

/* Begin PBXGroup section */
		D2651D381E31944500C156E5 = {
			isa = PBXGroup;
			children = (
				D2651D431E31944600C156E5 /* WishList */,
				D2651D5B1E31944600C156E5 /* WishListTests */,
				D2651D661E31944600C156E5 /* WishListUITests */,
				D2651D421E31944600C156E5 /* Products */,
			);
			sourceTree = "<group>";
		};
		D2651D421E31944600C156E5 /* Products */ = {
			isa = PBXGroup;
			children = (
				D2651D411E31944600C156E5 /* WishList.app */,
				D2651D581E31944600C156E5 /* WishListTests.xctest */,
				D2651D631E31944600C156E5 /* WishListUITests.xctest */,
			);
			name = Products;
			sourceTree = "<group>";
		};
		D2651D431E31944600C156E5 /* WishList */ = {
			isa = PBXGroup;
			children = (
				D2651D441E31944600C156E5 /* AppDelegate.swift */,
				D2F55C361E407D5D00A0EF91 /* Views */,
				D2F55C141E406EA700A0EF91 /* Models */,
				D2651D461E31944600C156E5 /* MainVC.swift */,
				D2E80AE11E41BF4D00BC42DD /* ItemDetails.swift */,
				D2651D481E31944600C156E5 /* Main.storyboard */,
				D2651D4E1E31944600C156E5 /* Assets.xcassets */,
				D2651D501E31944600C156E5 /* LaunchScreen.storyboard */,
				D2651D531E31944600C156E5 /* Info.plist */,
				D2651D4B1E31944600C156E5 /* WishList.xcdatamodeld */,
			);
			path = WishList;
			sourceTree = "<group>";
		};
		D2651D5B1E31944600C156E5 /* WishListTests */ = {
			isa = PBXGroup;
			children = (
				D2651D5C1E31944600C156E5 /* WishListTests.swift */,
				D2651D5E1E31944600C156E5 /* Info.plist */,
			);
			path = WishListTests;
			sourceTree = "<group>";
		};
		D2651D661E31944600C156E5 /* WishListUITests */ = {
			isa = PBXGroup;
			children = (
				D2651D671E31944600C156E5 /* WishListUITests.swift */,
				D2651D691E31944600C156E5 /* Info.plist */,
			);
			path = WishListUITests;
			sourceTree = "<group>";
		};
		D2F55C141E406EA700A0EF91 /* Models */ = {
			isa = PBXGroup;
			children = (
				D2E80AE31E41DDB000BC42DD /* Item+CoreDataClass.swift */,
				D2E80AE51E41DDB000BC42DD /* ItemType+CoreDataClass.swift */,
				D2E80AE71E41DDB000BC42DD /* Store+CoreDataClass.swift */,
				D2E80AE91E41DDB000BC42DD /* Image+CoreDataClass.swift */,
				D2F55C151E406EB600A0EF91 /* Generated */,
			);
			name = Models;
			sourceTree = "<group>";
		};
		D2F55C151E406EB600A0EF91 /* Generated */ = {
			isa = PBXGroup;
			children = (
				D2E80AE41E41DDB000BC42DD /* Item+CoreDataProperties.swift */,
				D2E80AE61E41DDB000BC42DD /* ItemType+CoreDataProperties.swift */,
				D2E80AE81E41DDB000BC42DD /* Store+CoreDataProperties.swift */,
				D2E80AEA1E41DDB000BC42DD /* Image+CoreDataProperties.swift */,
			);
			name = Generated;
			sourceTree = "<group>";
		};
		D2F55C361E407D5D00A0EF91 /* Views */ = {
			isa = PBXGroup;
			children = (
				D2F55C371E407D6C00A0EF91 /* MaterialView.swift */,
				D2F55C391E4080D800A0EF91 /* ItemCell.swift */,
			);
			name = Views;
			sourceTree = "<group>";
		};
/* End PBXGroup section */

/* Begin PBXNativeTarget section */
		D2651D401E31944500C156E5 /* WishList */ = {
			isa = PBXNativeTarget;
			buildConfigurationList = D2651D6C1E31944600C156E5 /* Build configuration list for PBXNativeTarget "WishList" */;
			buildPhases = (
				D2651D3D1E31944500C156E5 /* Sources */,
				D2651D3E1E31944500C156E5 /* Frameworks */,
				D2651D3F1E31944500C156E5 /* Resources */,
			);
			buildRules = (
			);
			dependencies = (
			);
			name = WishList;
			productName = WishList;
			productReference = D2651D411E31944600C156E5 /* WishList.app */;
			productType = "com.apple.product-type.application";
		};
		D2651D571E31944600C156E5 /* WishListTests */ = {
			isa = PBXNativeTarget;
			buildConfigurationList = D2651D6F1E31944600C156E5 /* Build configuration list for PBXNativeTarget "WishListTests" */;
			buildPhases = (
				D2651D541E31944600C156E5 /* Sources */,
				D2651D551E31944600C156E5 /* Frameworks */,
				D2651D561E31944600C156E5 /* Resources */,
			);
			buildRules = (
			);
			dependencies = (
				D2651D5A1E31944600C156E5 /* PBXTargetDependency */,
			);
			name = WishListTests;
			productName = WishListTests;
			productReference = D2651D581E31944600C156E5 /* WishListTests.xctest */;
			productType = "com.apple.product-type.bundle.unit-test";
		};
		D2651D621E31944600C156E5 /* WishListUITests */ = {
			isa = PBXNativeTarget;
			buildConfigurationList = D2651D721E31944600C156E5 /* Build configuration list for PBXNativeTarget "WishListUITests" */;
			buildPhases = (
				D2651D5F1E31944600C156E5 /* Sources */,
				D2651D601E31944600C156E5 /* Frameworks */,
				D2651D611E31944600C156E5 /* Resources */,
			);
			buildRules = (
			);
			dependencies = (
				D2651D651E31944600C156E5 /* PBXTargetDependency */,
			);
			name = WishListUITests;
			productName = WishListUITests;
			productReference = D2651D631E31944600C156E5 /* WishListUITests.xctest */;
			productType = "com.apple.product-type.bundle.ui-testing";
		};
/* End PBXNativeTarget section */

/* Begin PBXProject section */
		D2651D391E31944500C156E5 /* Project object */ = {
			isa = PBXProject;
			attributes = {
				LastSwiftUpdateCheck = 0820;
				LastUpgradeCheck = 0820;
				ORGANIZATIONNAME = Khoa;
				TargetAttributes = {
					D2651D401E31944500C156E5 = {
						CreatedOnToolsVersion = 8.2.1;
						DevelopmentTeam = WG937QNZTU;
						LastSwiftMigration = 0820;
						ProvisioningStyle = Automatic;
					};
					D2651D571E31944600C156E5 = {
						CreatedOnToolsVersion = 8.2.1;
						DevelopmentTeam = WG937QNZTU;
						LastSwiftMigration = 0820;
						ProvisioningStyle = Automatic;
						TestTargetID = D2651D401E31944500C156E5;
					};
					D2651D621E31944600C156E5 = {
						CreatedOnToolsVersion = 8.2.1;
						DevelopmentTeam = WG937QNZTU;
						LastSwiftMigration = 0820;
						ProvisioningStyle = Automatic;
						TestTargetID = D2651D401E31944500C156E5;
					};
				};
			};
			buildConfigurationList = D2651D3C1E31944500C156E5 /* Build configuration list for PBXProject "WishList" */;
			compatibilityVersion = "Xcode 3.2";
			developmentRegion = English;
			hasScannedForEncodings = 0;
			knownRegions = (
				en,
				Base,
			);
			mainGroup = D2651D381E31944500C156E5;
			productRefGroup = D2651D421E31944600C156E5 /* Products */;
			projectDirPath = "";
			projectRoot = "";
			targets = (
				D2651D401E31944500C156E5 /* WishList */,
				D2651D571E31944600C156E5 /* WishListTests */,
				D2651D621E31944600C156E5 /* WishListUITests */,
			);
		};
/* End PBXProject section */

/* Begin PBXResourcesBuildPhase section */
		D2651D3F1E31944500C156E5 /* Resources */ = {
			isa = PBXResourcesBuildPhase;
			buildActionMask = 2147483647;
			files = (
				D2651D521E31944600C156E5 /* LaunchScreen.storyboard in Resources */,
				D2651D4F1E31944600C156E5 /* Assets.xcassets in Resources */,
				D2651D4A1E31944600C156E5 /* Main.storyboard in Resources */,
			);
			runOnlyForDeploymentPostprocessing = 0;
		};
		D2651D561E31944600C156E5 /* Resources */ = {
			isa = PBXResourcesBuildPhase;
			buildActionMask = 2147483647;
			files = (
			);
			runOnlyForDeploymentPostprocessing = 0;
		};
		D2651D611E31944600C156E5 /* Resources */ = {
			isa = PBXResourcesBuildPhase;
			buildActionMask = 2147483647;
			files = (
			);
			runOnlyForDeploymentPostprocessing = 0;
		};
/* End PBXResourcesBuildPhase section */

/* Begin PBXSourcesBuildPhase section */
		D2651D3D1E31944500C156E5 /* Sources */ = {
			isa = PBXSourcesBuildPhase;
			buildActionMask = 2147483647;
			files = (
				D2F55C3A1E4080D800A0EF91 /* ItemCell.swift in Sources */,
				D2E80AF01E41DDB000BC42DD /* Store+CoreDataProperties.swift in Sources */,
				D2F55C381E407D6C00A0EF91 /* MaterialView.swift in Sources */,
				D2E80AEC1E41DDB000BC42DD /* Item+CoreDataProperties.swift in Sources */,
				D2651D471E31944600C156E5 /* MainVC.swift in Sources */,
				D2651D451E31944600C156E5 /* AppDelegate.swift in Sources */,
				D2E80AE21E41BF4D00BC42DD /* ItemDetails.swift in Sources */,
				D2E80AEE1E41DDB000BC42DD /* ItemType+CoreDataProperties.swift in Sources */,
				D2E80AED1E41DDB000BC42DD /* ItemType+CoreDataClass.swift in Sources */,
				D2651D4D1E31944600C156E5 /* WishList.xcdatamodeld in Sources */,
				D2E80AEF1E41DDB000BC42DD /* Store+CoreDataClass.swift in Sources */,
				D2E80AF11E41DDB000BC42DD /* Image+CoreDataClass.swift in Sources */,
				D2E80AEB1E41DDB000BC42DD /* Item+CoreDataClass.swift in Sources */,
				D2E80AF21E41DDB000BC42DD /* Image+CoreDataProperties.swift in Sources */,
			);
			runOnlyForDeploymentPostprocessing = 0;
		};
		D2651D541E31944600C156E5 /* Sources */ = {
			isa = PBXSourcesBuildPhase;
			buildActionMask = 2147483647;
			files = (
				D2651D5D1E31944600C156E5 /* WishListTests.swift in Sources */,
			);
			runOnlyForDeploymentPostprocessing = 0;
		};
		D2651D5F1E31944600C156E5 /* Sources */ = {
			isa = PBXSourcesBuildPhase;
			buildActionMask = 2147483647;
			files = (
				D2651D681E31944600C156E5 /* WishListUITests.swift in Sources */,
			);
			runOnlyForDeploymentPostprocessing = 0;
		};
/* End PBXSourcesBuildPhase section */

/* Begin PBXTargetDependency section */
		D2651D5A1E31944600C156E5 /* PBXTargetDependency */ = {
			isa = PBXTargetDependency;
			target = D2651D401E31944500C156E5 /* WishList */;
			targetProxy = D2651D591E31944600C156E5 /* PBXContainerItemProxy */;
		};
		D2651D651E31944600C156E5 /* PBXTargetDependency */ = {
			isa = PBXTargetDependency;
			target = D2651D401E31944500C156E5 /* WishList */;
			targetProxy = D2651D641E31944600C156E5 /* PBXContainerItemProxy */;
		};
/* End PBXTargetDependency section */

/* Begin PBXVariantGroup section */
		D2651D481E31944600C156E5 /* Main.storyboard */ = {
			isa = PBXVariantGroup;
			children = (
				D2651D491E31944600C156E5 /* Base */,
			);
			name = Main.storyboard;
			sourceTree = "<group>";
		};
		D2651D501E31944600C156E5 /* LaunchScreen.storyboard */ = {
			isa = PBXVariantGroup;
			children = (
				D2651D511E31944600C156E5 /* Base */,
			);
			name = LaunchScreen.storyboard;
			sourceTree = "<group>";
		};
/* End PBXVariantGroup section */

/* Begin XCBuildConfiguration section */
		D2651D6A1E31944600C156E5 /* Debug */ = {
			isa = XCBuildConfiguration;
			buildSettings = {
				ALWAYS_SEARCH_USER_PATHS = NO;
				CLANG_ANALYZER_NONNULL = YES;
				CLANG_CXX_LANGUAGE_STANDARD = "gnu++0x";
				CLANG_CXX_LIBRARY = "libc++";
				CLANG_ENABLE_MODULES = YES;
				CLANG_ENABLE_OBJC_ARC = YES;
				CLANG_WARN_BOOL_CONVERSION = YES;
				CLANG_WARN_CONSTANT_CONVERSION = YES;
				CLANG_WARN_DIRECT_OBJC_ISA_USAGE = YES_ERROR;
				CLANG_WARN_DOCUMENTATION_COMMENTS = YES;
				CLANG_WARN_EMPTY_BODY = YES;
				CLANG_WARN_ENUM_CONVERSION = YES;
				CLANG_WARN_INFINITE_RECURSION = YES;
				CLANG_WARN_INT_CONVERSION = YES;
				CLANG_WARN_OBJC_ROOT_CLASS = YES_ERROR;
				CLANG_WARN_SUSPICIOUS_MOVE = YES;
				CLANG_WARN_UNREACHABLE_CODE = YES;
				CLANG_WARN__DUPLICATE_METHOD_MATCH = YES;
				"CODE_SIGN_IDENTITY[sdk=iphoneos*]" = "iPhone Developer";
				COPY_PHASE_STRIP = NO;
				DEBUG_INFORMATION_FORMAT = dwarf;
				ENABLE_STRICT_OBJC_MSGSEND = YES;
				ENABLE_TESTABILITY = YES;
				GCC_C_LANGUAGE_STANDARD = gnu99;
				GCC_DYNAMIC_NO_PIC = NO;
				GCC_NO_COMMON_BLOCKS = YES;
				GCC_OPTIMIZATION_LEVEL = 0;
				GCC_PREPROCESSOR_DEFINITIONS = (
					"DEBUG=1",
					"$(inherited)",
				);
				GCC_WARN_64_TO_32_BIT_CONVERSION = YES;
				GCC_WARN_ABOUT_RETURN_TYPE = YES_ERROR;
				GCC_WARN_UNDECLARED_SELECTOR = YES;
				GCC_WARN_UNINITIALIZED_AUTOS = YES_AGGRESSIVE;
				GCC_WARN_UNUSED_FUNCTION = YES;
				GCC_WARN_UNUSED_VARIABLE = YES;
				IPHONEOS_DEPLOYMENT_TARGET = 10.2;
				MTL_ENABLE_DEBUG_INFO = YES;
				ONLY_ACTIVE_ARCH = YES;
				SDKROOT = iphoneos;
				SWIFT_ACTIVE_COMPILATION_CONDITIONS = DEBUG;
				SWIFT_OPTIMIZATION_LEVEL = "-Onone";
				TARGETED_DEVICE_FAMILY = "1,2";
			};
			name = Debug;
		};
		D2651D6B1E31944600C156E5 /* Release */ = {
			isa = XCBuildConfiguration;
			buildSettings = {
				ALWAYS_SEARCH_USER_PATHS = NO;
				CLANG_ANALYZER_NONNULL = YES;
				CLANG_CXX_LANGUAGE_STANDARD = "gnu++0x";
				CLANG_CXX_LIBRARY = "libc++";
				CLANG_ENABLE_MODULES = YES;
				CLANG_ENABLE_OBJC_ARC = YES;
				CLANG_WARN_BOOL_CONVERSION = YES;
				CLANG_WARN_CONSTANT_CONVERSION = YES;
				CLANG_WARN_DIRECT_OBJC_ISA_USAGE = YES_ERROR;
				CLANG_WARN_DOCUMENTATION_COMMENTS = YES;
				CLANG_WARN_EMPTY_BODY = YES;
				CLANG_WARN_ENUM_CONVERSION = YES;
				CLANG_WARN_INFINITE_RECURSION = YES;
				CLANG_WARN_INT_CONVERSION = YES;
				CLANG_WARN_OBJC_ROOT_CLASS = YES_ERROR;
				CLANG_WARN_SUSPICIOUS_MOVE = YES;
				CLANG_WARN_UNREACHABLE_CODE = YES;
				CLANG_WARN__DUPLICATE_METHOD_MATCH = YES;
				"CODE_SIGN_IDENTITY[sdk=iphoneos*]" = "iPhone Developer";
				COPY_PHASE_STRIP = NO;
				DEBUG_INFORMATION_FORMAT = "dwarf-with-dsym";
				ENABLE_NS_ASSERTIONS = NO;
				ENABLE_STRICT_OBJC_MSGSEND = YES;
				GCC_C_LANGUAGE_STANDARD = gnu99;
				GCC_NO_COMMON_BLOCKS = YES;
				GCC_WARN_64_TO_32_BIT_CONVERSION = YES;
				GCC_WARN_ABOUT_RETURN_TYPE = YES_ERROR;
				GCC_WARN_UNDECLARED_SELECTOR = YES;
				GCC_WARN_UNINITIALIZED_AUTOS = YES_AGGRESSIVE;
				GCC_WARN_UNUSED_FUNCTION = YES;
				GCC_WARN_UNUSED_VARIABLE = YES;
				IPHONEOS_DEPLOYMENT_TARGET = 10.2;
				MTL_ENABLE_DEBUG_INFO = NO;
				SDKROOT = iphoneos;
				SWIFT_OPTIMIZATION_LEVEL = "-Owholemodule";
				TARGETED_DEVICE_FAMILY = "1,2";
				VALIDATE_PRODUCT = YES;
			};
			name = Release;
		};
		D2651D6D1E31944600C156E5 /* Debug */ = {
			isa = XCBuildConfiguration;
			buildSettings = {
				ASSETCATALOG_COMPILER_APPICON_NAME = AppIcon;
				DEVELOPMENT_TEAM = WG937QNZTU;
				INFOPLIST_FILE = WishList/Info.plist;
				LD_RUNPATH_SEARCH_PATHS = "$(inherited) @executable_path/Frameworks";
				PRODUCT_BUNDLE_IDENTIFIER = com.Khoa.WishList;
				PRODUCT_NAME = "$(TARGET_NAME)";
				SWIFT_VERSION = 3.0;
			};
			name = Debug;
		};
		D2651D6E1E31944600C156E5 /* Release */ = {
			isa = XCBuildConfiguration;
			buildSettings = {
				ASSETCATALOG_COMPILER_APPICON_NAME = AppIcon;
				DEVELOPMENT_TEAM = WG937QNZTU;
				INFOPLIST_FILE = WishList/Info.plist;
				LD_RUNPATH_SEARCH_PATHS = "$(inherited) @executable_path/Frameworks";
				PRODUCT_BUNDLE_IDENTIFIER = com.Khoa.WishList;
				PRODUCT_NAME = "$(TARGET_NAME)";
				SWIFT_VERSION = 3.0;
			};
			name = Release;
		};
		D2651D701E31944600C156E5 /* Debug */ = {
			isa = XCBuildConfiguration;
			buildSettings = {
				ALWAYS_EMBED_SWIFT_STANDARD_LIBRARIES = YES;
				BUNDLE_LOADER = "$(TEST_HOST)";
				DEVELOPMENT_TEAM = WG937QNZTU;
				INFOPLIST_FILE = WishListTests/Info.plist;
				LD_RUNPATH_SEARCH_PATHS = "$(inherited) @executable_path/Frameworks @loader_path/Frameworks";
				PRODUCT_BUNDLE_IDENTIFIER = com.Khoa.WishListTests;
				PRODUCT_NAME = "$(TARGET_NAME)";
				SWIFT_VERSION = 3.0;
				TEST_HOST = "$(BUILT_PRODUCTS_DIR)/WishList.app/WishList";
			};
			name = Debug;
		};
		D2651D711E31944600C156E5 /* Release */ = {
			isa = XCBuildConfiguration;
			buildSettings = {
				ALWAYS_EMBED_SWIFT_STANDARD_LIBRARIES = YES;
				BUNDLE_LOADER = "$(TEST_HOST)";
				DEVELOPMENT_TEAM = WG937QNZTU;
				INFOPLIST_FILE = WishListTests/Info.plist;
				LD_RUNPATH_SEARCH_PATHS = "$(inherited) @executable_path/Frameworks @loader_path/Frameworks";
				PRODUCT_BUNDLE_IDENTIFIER = com.Khoa.WishListTests;
				PRODUCT_NAME = "$(TARGET_NAME)";
				SWIFT_VERSION = 3.0;
				TEST_HOST = "$(BUILT_PRODUCTS_DIR)/WishList.app/WishList";
			};
			name = Release;
		};
		D2651D731E31944600C156E5 /* Debug */ = {
			isa = XCBuildConfiguration;
			buildSettings = {
				ALWAYS_EMBED_SWIFT_STANDARD_LIBRARIES = YES;
				DEVELOPMENT_TEAM = WG937QNZTU;
				INFOPLIST_FILE = WishListUITests/Info.plist;
				LD_RUNPATH_SEARCH_PATHS = "$(inherited) @executable_path/Frameworks @loader_path/Frameworks";
				PRODUCT_BUNDLE_IDENTIFIER = com.Khoa.WishListUITests;
				PRODUCT_NAME = "$(TARGET_NAME)";
				SWIFT_VERSION = 3.0;
				TEST_TARGET_NAME = WishList;
			};
			name = Debug;
		};
		D2651D741E31944600C156E5 /* Release */ = {
			isa = XCBuildConfiguration;
			buildSettings = {
				ALWAYS_EMBED_SWIFT_STANDARD_LIBRARIES = YES;
				DEVELOPMENT_TEAM = WG937QNZTU;
				INFOPLIST_FILE = WishListUITests/Info.plist;
				LD_RUNPATH_SEARCH_PATHS = "$(inherited) @executable_path/Frameworks @loader_path/Frameworks";
				PRODUCT_BUNDLE_IDENTIFIER = com.Khoa.WishListUITests;
				PRODUCT_NAME = "$(TARGET_NAME)";
				SWIFT_VERSION = 3.0;
				TEST_TARGET_NAME = WishList;
			};
			name = Release;
		};
/* End XCBuildConfiguration section */

/* Begin XCConfigurationList section */
		D2651D3C1E31944500C156E5 /* Build configuration list for PBXProject "WishList" */ = {
			isa = XCConfigurationList;
			buildConfigurations = (
				D2651D6A1E31944600C156E5 /* Debug */,
				D2651D6B1E31944600C156E5 /* Release */,
			);
			defaultConfigurationIsVisible = 0;
			defaultConfigurationName = Release;
		};
		D2651D6C1E31944600C156E5 /* Build configuration list for PBXNativeTarget "WishList" */ = {
			isa = XCConfigurationList;
			buildConfigurations = (
				D2651D6D1E31944600C156E5 /* Debug */,
				D2651D6E1E31944600C156E5 /* Release */,
			);
			defaultConfigurationIsVisible = 0;
			defaultConfigurationName = Release;
		};
		D2651D6F1E31944600C156E5 /* Build configuration list for PBXNativeTarget "WishListTests" */ = {
			isa = XCConfigurationList;
			buildConfigurations = (
				D2651D701E31944600C156E5 /* Debug */,
				D2651D711E31944600C156E5 /* Release */,
			);
			defaultConfigurationIsVisible = 0;
			defaultConfigurationName = Release;
		};
		D2651D721E31944600C156E5 /* Build configuration list for PBXNativeTarget "WishListUITests" */ = {
			isa = XCConfigurationList;
			buildConfigurations = (
				D2651D731E31944600C156E5 /* Debug */,
				D2651D741E31944600C156E5 /* Release */,
			);
			defaultConfigurationIsVisible = 0;
			defaultConfigurationName = Release;
		};
/* End XCConfigurationList section */

/* Begin XCVersionGroup section */
		D2651D4B1E31944600C156E5 /* WishList.xcdatamodeld */ = {
			isa = XCVersionGroup;
			children = (
				D2651D4C1E31944600C156E5 /* WishList.xcdatamodel */,
			);
			currentVersion = D2651D4C1E31944600C156E5 /* WishList.xcdatamodel */;
			path = WishList.xcdatamodeld;
			sourceTree = "<group>";
			versionGroupType = wrapper.xcdatamodel;
		};
/* End XCVersionGroup section */
	};
	rootObject = D2651D391E31944500C156E5 /* Project object */;
}
